// !$*UTF8*$!
{
	archiveVersion = 1;
	classes = {
	};
	objectVersion = 46;
	objects = {

/* Begin PBXBuildFile section */
		04C477291B8DAAD900159373 /* CoreData.framework in Frameworks */ = {isa = PBXBuildFile; fileRef = 04C477281B8DAAD900159373 /* CoreData.framework */; };
		04C4773D1B8DAF3D00159373 /* KSYMediaResource.bundle in Resources */ = {isa = PBXBuildFile; fileRef = 04C4773C1B8DAF3D00159373 /* KSYMediaResource.bundle */; };
		0A164AD11ABC238200AEEB75 /* CoreMedia.framework in Frameworks */ = {isa = PBXBuildFile; fileRef = 0A164AD01ABC238200AEEB75 /* CoreMedia.framework */; };
		0A164AD31ABC238A00AEEB75 /* AVFoundation.framework in Frameworks */ = {isa = PBXBuildFile; fileRef = 0A164AD21ABC238A00AEEB75 /* AVFoundation.framework */; };
		0A164AD51ABC239400AEEB75 /* QuartzCore.framework in Frameworks */ = {isa = PBXBuildFile; fileRef = 0A164AD41ABC239400AEEB75 /* QuartzCore.framework */; };
		0A164AD71ABC239B00AEEB75 /* CoreGraphics.framework in Frameworks */ = {isa = PBXBuildFile; fileRef = 0A164AD61ABC239B00AEEB75 /* CoreGraphics.framework */; };
		0A164AD91ABC23A200AEEB75 /* MediaPlayer.framework in Frameworks */ = {isa = PBXBuildFile; fileRef = 0A164AD81ABC23A200AEEB75 /* MediaPlayer.framework */; };
		0A164ADB1ABC23AA00AEEB75 /* OpenGLES.framework in Frameworks */ = {isa = PBXBuildFile; fileRef = 0A164ADA1ABC23AA00AEEB75 /* OpenGLES.framework */; };
		0A164ADD1ABC23B200AEEB75 /* AudioToolbox.framework in Frameworks */ = {isa = PBXBuildFile; fileRef = 0A164ADC1ABC23B200AEEB75 /* AudioToolbox.framework */; };
		0A164ADF1ABC23BA00AEEB75 /* UIKit.framework in Frameworks */ = {isa = PBXBuildFile; fileRef = 0A164ADE1ABC23BA00AEEB75 /* UIKit.framework */; };
		0A164AE11ABC23C200AEEB75 /* libz.dylib in Frameworks */ = {isa = PBXBuildFile; fileRef = 0A164AE01ABC23C200AEEB75 /* libz.dylib */; };
		0A164AE31ABC23CA00AEEB75 /* libbz2.dylib in Frameworks */ = {isa = PBXBuildFile; fileRef = 0A164AE21ABC23CA00AEEB75 /* libbz2.dylib */; };
		0A68AA4A1ABBFAE2006CA2EF /* main.m in Sources */ = {isa = PBXBuildFile; fileRef = 0A68AA491ABBFAE2006CA2EF /* main.m */; };
		0A68AA4D1ABBFAE2006CA2EF /* AppDelegate.m in Sources */ = {isa = PBXBuildFile; fileRef = 0A68AA4C1ABBFAE2006CA2EF /* AppDelegate.m */; };
		0A68AA641ABBFAE3006CA2EF /* KSYVideoDemoTests.m in Sources */ = {isa = PBXBuildFile; fileRef = 0A68AA631ABBFAE3006CA2EF /* KSYVideoDemoTests.m */; };
		130F72881B0F37F4004B966B /* Images.xcassets in Resources */ = {isa = PBXBuildFile; fileRef = 130F72871B0F37F4004B966B /* Images.xcassets */; };
		1327D3981ACD377F0042A834 /* Reachability.m in Sources */ = {isa = PBXBuildFile; fileRef = 1327D3971ACD377F0042A834 /* Reachability.m */; };
		13E586131B5F8FD20068F75F /* libstdc++.6.dylib in Frameworks */ = {isa = PBXBuildFile; fileRef = 13E586121B5F8FD20068F75F /* libstdc++.6.dylib */; };
		7C2902DB1C116FC100F95AF3 /* CoreTelephony.framework in Frameworks */ = {isa = PBXBuildFile; fileRef = 7C2902DA1C116FC100F95AF3 /* CoreTelephony.framework */; };
		7C43B9C41C18317100AB8402 /* CommentModel.m in Sources */ = {isa = PBXBuildFile; fileRef = 7C43B9C31C18317100AB8402 /* CommentModel.m */; };
		7C43BB961C196E6F00AB8402 /* KSYMessageToolBar.m in Sources */ = {isa = PBXBuildFile; fileRef = 7C43BB951C196E6F00AB8402 /* KSYMessageToolBar.m */; };
		7C43BB991C19853200AB8402 /* KSYInteractiveView.m in Sources */ = {isa = PBXBuildFile; fileRef = 7C43BB981C19853200AB8402 /* KSYInteractiveView.m */; };
		7C5CA4D91C21638A003A92A8 /* KSYAlertView.m in Sources */ = {isa = PBXBuildFile; fileRef = 7C5CA4D81C21638A003A92A8 /* KSYAlertView.m */; };
		7C5CA4DC1C2193BB003A92A8 /* UIColor+ColorExtension.m in Sources */ = {isa = PBXBuildFile; fileRef = 7C5CA4DB1C2193BB003A92A8 /* UIColor+ColorExtension.m */; };
		7C5CA4DF1C225514003A92A8 /* KSYProgressToolBar.m in Sources */ = {isa = PBXBuildFile; fileRef = 7C5CA4DE1C225514003A92A8 /* KSYProgressToolBar.m */; };
		7CB994E51C27F81A00E86919 /* KSYMediaPlayer.framework in Frameworks */ = {isa = PBXBuildFile; fileRef = 7CB994E41C27F81A00E86919 /* KSYMediaPlayer.framework */; };
		7CB994E71C27F96700E86919 /* VideoToolbox.framework in Frameworks */ = {isa = PBXBuildFile; fileRef = 7CB994E61C27F96700E86919 /* VideoToolbox.framework */; };
		7CB994F41C28016100E86919 /* KSYBarView.m in Sources */ = {isa = PBXBuildFile; fileRef = 7CB994EA1C28016100E86919 /* KSYBarView.m */; };
		7CB994F51C28016100E86919 /* MediaControlView.m in Sources */ = {isa = PBXBuildFile; fileRef = 7CB994ED1C28016100E86919 /* MediaControlView.m */; };
		7CB994F61C28016100E86919 /* MediaControlViewController.m in Sources */ = {isa = PBXBuildFile; fileRef = 7CB994EF1C28016100E86919 /* MediaControlViewController.m */; };
		7CB994F71C28016100E86919 /* MediaVoiceView.m in Sources */ = {isa = PBXBuildFile; fileRef = 7CB994F11C28016100E86919 /* MediaVoiceView.m */; };
		7CB994F81C28016100E86919 /* ThemeManager.m in Sources */ = {isa = PBXBuildFile; fileRef = 7CB994F31C28016100E86919 /* ThemeManager.m */; };
		7CBE38B31B7B5847003AC1D9 /* a.mp4 in Resources */ = {isa = PBXBuildFile; fileRef = 7CBE38B21B7B5847003AC1D9 /* a.mp4 */; };
		7CCEAE221C23B632009E2F89 /* NSObject+PlayerControl.m in Sources */ = {isa = PBXBuildFile; fileRef = 7CCEAE211C23B632009E2F89 /* NSObject+PlayerControl.m */; };
		7CCEAE251C23D7E3009E2F89 /* KSYBasePlayView.m in Sources */ = {isa = PBXBuildFile; fileRef = 7CCEAE241C23D7E3009E2F89 /* KSYBasePlayView.m */; };
		7CD2AD391C0D969A00E6532D /* KSYMainViewController.m in Sources */ = {isa = PBXBuildFile; fileRef = 7CD2AD381C0D969A00E6532D /* KSYMainViewController.m */; };
		7CDBE5A41C15556B00D221C7 /* KSYPopilarLivePlayVC.m in Sources */ = {isa = PBXBuildFile; fileRef = 7CDBE5A31C15556B00D221C7 /* KSYPopilarLivePlayVC.m */; };
		7CDBE5A71C15557B00D221C7 /* KSYPopilarLivePlayBackVC.m in Sources */ = {isa = PBXBuildFile; fileRef = 7CDBE5A61C15557B00D221C7 /* KSYPopilarLivePlayBackVC.m */; };
		7CDBE5AA1C15558900D221C7 /* KSYPhoneLivePlayVC.m in Sources */ = {isa = PBXBuildFile; fileRef = 7CDBE5A91C15558900D221C7 /* KSYPhoneLivePlayVC.m */; };
		7CDBE5AD1C15559A00D221C7 /* KSYPhoneLivePlayBackVC.m in Sources */ = {isa = PBXBuildFile; fileRef = 7CDBE5AC1C15559A00D221C7 /* KSYPhoneLivePlayBackVC.m */; };
		7CDBE5B01C1555A900D221C7 /* KSYVideoOnDemandPlayVC.m in Sources */ = {isa = PBXBuildFile; fileRef = 7CDBE5AF1C1555A900D221C7 /* KSYVideoOnDemandPlayVC.m */; };
		7CDBE5B31C1555B800D221C7 /* KSYShortVideoPlayVC.m in Sources */ = {isa = PBXBuildFile; fileRef = 7CDBE5B21C1555B800D221C7 /* KSYShortVideoPlayVC.m */; };
		7CDBE5BB1C1567FB00D221C7 /* KSYBaseViewController.m in Sources */ = {isa = PBXBuildFile; fileRef = 7CDBE5BA1C1567FB00D221C7 /* KSYBaseViewController.m */; };
		7CDBE5C01C157C0D00D221C7 /* UIViewController+PlayerState.m in Sources */ = {isa = PBXBuildFile; fileRef = 7CDBE5BF1C157C0D00D221C7 /* UIViewController+PlayerState.m */; };
		7CDBE5D41C158F4600D221C7 /* KSYPhoneLivePlayView.m in Sources */ = {isa = PBXBuildFile; fileRef = 7CDBE5D31C158F4600D221C7 /* KSYPhoneLivePlayView.m */; };
		7CDBE5D71C15B12100D221C7 /* UIView+BFExtension.m in Sources */ = {isa = PBXBuildFile; fileRef = 7CDBE5D61C15B12100D221C7 /* UIView+BFExtension.m */; };
		7CDBE5DE1C16B22200D221C7 /* UserInfoModel.m in Sources */ = {isa = PBXBuildFile; fileRef = 7CDBE5DD1C16B22200D221C7 /* UserInfoModel.m */; };
		7CDBE5E11C16D1B000D221C7 /* KSYCommentTableView.m in Sources */ = {isa = PBXBuildFile; fileRef = 7CDBE5E01C16D1B000D221C7 /* KSYCommentTableView.m */; };
		7CDBE5E51C16E02700D221C7 /* KSYCommentCell.m in Sources */ = {isa = PBXBuildFile; fileRef = 7CDBE5E41C16E02700D221C7 /* KSYCommentCell.m */; };
		7CDBE5EA1C17D7E100D221C7 /* KSYSpectatorsTableView.m in Sources */ = {isa = PBXBuildFile; fileRef = 7CDBE5E91C17D7E100D221C7 /* KSYSpectatorsTableView.m */; };
		7CDBE5ED1C17DF9B00D221C7 /* KSYSpectatorsCell.m in Sources */ = {isa = PBXBuildFile; fileRef = 7CDBE5EC1C17DF9B00D221C7 /* KSYSpectatorsCell.m */; };
		7CDBE5F01C18005000D221C7 /* SpectatorModel.m in Sources */ = {isa = PBXBuildFile; fileRef = 7CDBE5EF1C18005000D221C7 /* SpectatorModel.m */; };
		E3236FEC1C2A7D8600CB6B99 /* SJDetailView.m in Sources */ = {isa = PBXBuildFile; fileRef = E3236FEB1C2A7D8600CB6B99 /* SJDetailView.m */; };
		E3236FF21C2B85DE00CB6B99 /* KSYVideoPlayerView.m in Sources */ = {isa = PBXBuildFile; fileRef = E3236FF11C2B85DE00CB6B99 /* KSYVideoPlayerView.m */; };
		E3236FF51C2B9EFF00CB6B99 /* KSYTopView.m in Sources */ = {isa = PBXBuildFile; fileRef = E3236FF41C2B9EFF00CB6B99 /* KSYTopView.m */; };
		E3236FF81C2BA4EA00CB6B99 /* KSYBottomView.m in Sources */ = {isa = PBXBuildFile; fileRef = E3236FF71C2BA4EA00CB6B99 /* KSYBottomView.m */; };
		E3236FFE1C2BC05800CB6B99 /* KSYCommentView.m in Sources */ = {isa = PBXBuildFile; fileRef = E3236FFD1C2BC05800CB6B99 /* KSYCommentView.m */; };
		E341BB8B1C2A690300E4A4A4 /* SJSnapeView.m in Sources */ = {isa = PBXBuildFile; fileRef = E341BB8A1C2A690300E4A4A4 /* SJSnapeView.m */; };
		E341BB8F1C2A6D0200E4A4A4 /* SJLiveCtrBarView.m in Sources */ = {isa = PBXBuildFile; fileRef = E341BB8E1C2A6D0200E4A4A4 /* SJLiveCtrBarView.m */; };
		E341BB921C2A6D3400E4A4A4 /* SJCtrBarView.m in Sources */ = {isa = PBXBuildFile; fileRef = E341BB911C2A6D3400E4A4A4 /* SJCtrBarView.m */; };
		E341BB951C2A723100E4A4A4 /* SJNoticeView.m in Sources */ = {isa = PBXBuildFile; fileRef = E341BB941C2A723100E4A4A4 /* SJNoticeView.m */; };
		E37D16111C2819750009715A /* Model1.m in Sources */ = {isa = PBXBuildFile; fileRef = E37D160C1C2819750009715A /* Model1.m */; };
		E37D16121C2819750009715A /* Model2.m in Sources */ = {isa = PBXBuildFile; fileRef = E37D160E1C2819750009715A /* Model2.m */; };
		E37D16131C2819750009715A /* Model3.m in Sources */ = {isa = PBXBuildFile; fileRef = E37D16101C2819750009715A /* Model3.m */; };
		E37D161A1C2819C20009715A /* KSY1TableViewCell.m in Sources */ = {isa = PBXBuildFile; fileRef = E37D16151C2819C20009715A /* KSY1TableViewCell.m */; };
		E37D161B1C2819C20009715A /* KSY2TableViewCell.m in Sources */ = {isa = PBXBuildFile; fileRef = E37D16171C2819C20009715A /* KSY2TableViewCell.m */; };
		E37D161C1C2819C20009715A /* KSY3TableViewCell.m in Sources */ = {isa = PBXBuildFile; fileRef = E37D16191C2819C20009715A /* KSY3TableViewCell.m */; };
		E37D16291C2850170009715A /* backgroundImage.png in Resources */ = {isa = PBXBuildFile; fileRef = E37D161F1C2850170009715A /* backgroundImage.png */; };
		E37D162A1C2850170009715A /* default.png in Resources */ = {isa = PBXBuildFile; fileRef = E37D16201C2850170009715A /* default.png */; };
		E37D162B1C2850170009715A /* play.png in Resources */ = {isa = PBXBuildFile; fileRef = E37D16211C2850170009715A /* play.png */; };
		E37D162C1C2850170009715A /* touxiang.png in Resources */ = {isa = PBXBuildFile; fileRef = E37D16221C2850170009715A /* touxiang.png */; };
		E37D162D1C2850170009715A /* 0.jpg in Resources */ = {isa = PBXBuildFile; fileRef = E37D16231C2850170009715A /* 0.jpg */; };
		E37D162E1C2850170009715A /* 1.jpg in Resources */ = {isa = PBXBuildFile; fileRef = E37D16241C2850170009715A /* 1.jpg */; };
		E37D162F1C2850170009715A /* a.mp4 in Resources */ = {isa = PBXBuildFile; fileRef = E37D16251C2850170009715A /* a.mp4 */; };
		E37D16301C2850170009715A /* Model1.plist in Resources */ = {isa = PBXBuildFile; fileRef = E37D16261C2850170009715A /* Model1.plist */; };
		E37D16311C2850170009715A /* Model2.plist in Resources */ = {isa = PBXBuildFile; fileRef = E37D16271C2850170009715A /* Model2.plist */; };
		E37D16321C2850170009715A /* Model3.plist in Resources */ = {isa = PBXBuildFile; fileRef = E37D16281C2850170009715A /* Model3.plist */; };
		E37D16371C285BA70009715A /* KSBarrageItemView.m in Sources */ = {isa = PBXBuildFile; fileRef = E37D16341C285BA70009715A /* KSBarrageItemView.m */; };
		E37D16381C285BA70009715A /* KSBarrageView.m in Sources */ = {isa = PBXBuildFile; fileRef = E37D16361C285BA70009715A /* KSBarrageView.m */; };
		E37D1DC81C28F8D70009715A /* Logo2@2x.png in Resources */ = {isa = PBXBuildFile; fileRef = E37D1DC71C28F8D70009715A /* Logo2@2x.png */; };
		E37D20331C2940490009715A /* red in Resources */ = {isa = PBXBuildFile; fileRef = E37D202C1C2940490009715A /* red */; };
		E37D20341C2940490009715A /* green in Resources */ = {isa = PBXBuildFile; fileRef = E37D202D1C2940490009715A /* green */; };
		E37D20351C2940490009715A /* orange in Resources */ = {isa = PBXBuildFile; fileRef = E37D202E1C2940490009715A /* orange */; };
		E37D20361C2940490009715A /* phone-h265.480p.300kbps@2x.png in Resources */ = {isa = PBXBuildFile; fileRef = E37D202F1C2940490009715A /* phone-h265.480p.300kbps@2x.png */; };
		E37D20371C2940490009715A /* pink in Resources */ = {isa = PBXBuildFile; fileRef = E37D20301C2940490009715A /* pink */; };
		E37D20381C2940490009715A /* blue in Resources */ = {isa = PBXBuildFile; fileRef = E37D20311C2940490009715A /* blue */; };
		E37D20391C2940490009715A /* ipad-h265.720p.1Mbps@2x.png in Resources */ = {isa = PBXBuildFile; fileRef = E37D20321C2940490009715A /* ipad-h265.720p.1Mbps@2x.png */; };
/* End PBXBuildFile section */

/* Begin PBXContainerItemProxy section */
		0A68AA5E1ABBFAE3006CA2EF /* PBXContainerItemProxy */ = {
			isa = PBXContainerItemProxy;
			containerPortal = 0A68AA3C1ABBFAE2006CA2EF /* Project object */;
			proxyType = 1;
			remoteGlobalIDString = 0A68AA431ABBFAE2006CA2EF;
			remoteInfo = KSYVideoDemo;
		};
/* End PBXContainerItemProxy section */

/* Begin PBXFileReference section */
		04C477281B8DAAD900159373 /* CoreData.framework */ = {isa = PBXFileReference; lastKnownFileType = wrapper.framework; name = CoreData.framework; path = System/Library/Frameworks/CoreData.framework; sourceTree = SDKROOT; };
		04C4773C1B8DAF3D00159373 /* KSYMediaResource.bundle */ = {isa = PBXFileReference; lastKnownFileType = "wrapper.plug-in"; path = KSYMediaResource.bundle; sourceTree = "<group>"; };
		0A164AD01ABC238200AEEB75 /* CoreMedia.framework */ = {isa = PBXFileReference; lastKnownFileType = wrapper.framework; name = CoreMedia.framework; path = System/Library/Frameworks/CoreMedia.framework; sourceTree = SDKROOT; };
		0A164AD21ABC238A00AEEB75 /* AVFoundation.framework */ = {isa = PBXFileReference; lastKnownFileType = wrapper.framework; name = AVFoundation.framework; path = System/Library/Frameworks/AVFoundation.framework; sourceTree = SDKROOT; };
		0A164AD41ABC239400AEEB75 /* QuartzCore.framework */ = {isa = PBXFileReference; lastKnownFileType = wrapper.framework; name = QuartzCore.framework; path = System/Library/Frameworks/QuartzCore.framework; sourceTree = SDKROOT; };
		0A164AD61ABC239B00AEEB75 /* CoreGraphics.framework */ = {isa = PBXFileReference; lastKnownFileType = wrapper.framework; name = CoreGraphics.framework; path = System/Library/Frameworks/CoreGraphics.framework; sourceTree = SDKROOT; };
		0A164AD81ABC23A200AEEB75 /* MediaPlayer.framework */ = {isa = PBXFileReference; lastKnownFileType = wrapper.framework; name = MediaPlayer.framework; path = System/Library/Frameworks/MediaPlayer.framework; sourceTree = SDKROOT; };
		0A164ADA1ABC23AA00AEEB75 /* OpenGLES.framework */ = {isa = PBXFileReference; lastKnownFileType = wrapper.framework; name = OpenGLES.framework; path = System/Library/Frameworks/OpenGLES.framework; sourceTree = SDKROOT; };
		0A164ADC1ABC23B200AEEB75 /* AudioToolbox.framework */ = {isa = PBXFileReference; lastKnownFileType = wrapper.framework; name = AudioToolbox.framework; path = System/Library/Frameworks/AudioToolbox.framework; sourceTree = SDKROOT; };
		0A164ADE1ABC23BA00AEEB75 /* UIKit.framework */ = {isa = PBXFileReference; lastKnownFileType = wrapper.framework; name = UIKit.framework; path = System/Library/Frameworks/UIKit.framework; sourceTree = SDKROOT; };
		0A164AE01ABC23C200AEEB75 /* libz.dylib */ = {isa = PBXFileReference; lastKnownFileType = "compiled.mach-o.dylib"; name = libz.dylib; path = usr/lib/libz.dylib; sourceTree = SDKROOT; };
		0A164AE21ABC23CA00AEEB75 /* libbz2.dylib */ = {isa = PBXFileReference; lastKnownFileType = "compiled.mach-o.dylib"; name = libbz2.dylib; path = usr/lib/libbz2.dylib; sourceTree = SDKROOT; };
		0A68AA441ABBFAE2006CA2EF /* KSYVideoDemo.app */ = {isa = PBXFileReference; explicitFileType = wrapper.application; includeInIndex = 0; path = KSYVideoDemo.app; sourceTree = BUILT_PRODUCTS_DIR; };
		0A68AA481ABBFAE2006CA2EF /* Info.plist */ = {isa = PBXFileReference; lastKnownFileType = text.plist.xml; path = Info.plist; sourceTree = "<group>"; };
		0A68AA491ABBFAE2006CA2EF /* main.m */ = {isa = PBXFileReference; lastKnownFileType = sourcecode.c.objc; path = main.m; sourceTree = "<group>"; };
		0A68AA4B1ABBFAE2006CA2EF /* AppDelegate.h */ = {isa = PBXFileReference; lastKnownFileType = sourcecode.c.h; path = AppDelegate.h; sourceTree = "<group>"; };
		0A68AA4C1ABBFAE2006CA2EF /* AppDelegate.m */ = {isa = PBXFileReference; lastKnownFileType = sourcecode.c.objc; path = AppDelegate.m; sourceTree = "<group>"; };
		0A68AA5D1ABBFAE3006CA2EF /* KSYVideoDemoTests.xctest */ = {isa = PBXFileReference; explicitFileType = wrapper.cfbundle; includeInIndex = 0; path = KSYVideoDemoTests.xctest; sourceTree = BUILT_PRODUCTS_DIR; };
		0A68AA621ABBFAE3006CA2EF /* Info.plist */ = {isa = PBXFileReference; lastKnownFileType = text.plist.xml; path = Info.plist; sourceTree = "<group>"; };
		0A68AA631ABBFAE3006CA2EF /* KSYVideoDemoTests.m */ = {isa = PBXFileReference; lastKnownFileType = sourcecode.c.objc; path = KSYVideoDemoTests.m; sourceTree = "<group>"; };
		0A7CBF941AD7968F007C363C /* KSYDefine.h */ = {isa = PBXFileReference; fileEncoding = 4; lastKnownFileType = sourcecode.c.h; name = KSYDefine.h; path = ../VideoViewController/KSYDefine.h; sourceTree = "<group>"; };
		130F72871B0F37F4004B966B /* Images.xcassets */ = {isa = PBXFileReference; lastKnownFileType = folder.assetcatalog; path = Images.xcassets; sourceTree = "<group>"; };
		1327D3961ACD377F0042A834 /* Reachability.h */ = {isa = PBXFileReference; fileEncoding = 4; lastKnownFileType = sourcecode.c.h; path = Reachability.h; sourceTree = "<group>"; };
		1327D3971ACD377F0042A834 /* Reachability.m */ = {isa = PBXFileReference; fileEncoding = 4; lastKnownFileType = sourcecode.c.objc; path = Reachability.m; sourceTree = "<group>"; };
		13E586121B5F8FD20068F75F /* libstdc++.6.dylib */ = {isa = PBXFileReference; lastKnownFileType = "compiled.mach-o.dylib"; name = "libstdc++.6.dylib"; path = "usr/lib/libstdc++.6.dylib"; sourceTree = SDKROOT; };
		7C2902DA1C116FC100F95AF3 /* CoreTelephony.framework */ = {isa = PBXFileReference; lastKnownFileType = wrapper.framework; name = CoreTelephony.framework; path = System/Library/Frameworks/CoreTelephony.framework; sourceTree = SDKROOT; };
		7C43B9C21C18317100AB8402 /* CommentModel.h */ = {isa = PBXFileReference; fileEncoding = 4; lastKnownFileType = sourcecode.c.h; path = CommentModel.h; sourceTree = "<group>"; };
		7C43B9C31C18317100AB8402 /* CommentModel.m */ = {isa = PBXFileReference; fileEncoding = 4; lastKnownFileType = sourcecode.c.objc; path = CommentModel.m; sourceTree = "<group>"; };
		7C43BB941C196E6F00AB8402 /* KSYMessageToolBar.h */ = {isa = PBXFileReference; fileEncoding = 4; lastKnownFileType = sourcecode.c.h; path = KSYMessageToolBar.h; sourceTree = "<group>"; };
		7C43BB951C196E6F00AB8402 /* KSYMessageToolBar.m */ = {isa = PBXFileReference; fileEncoding = 4; lastKnownFileType = sourcecode.c.objc; path = KSYMessageToolBar.m; sourceTree = "<group>"; };
		7C43BB971C19853200AB8402 /* KSYInteractiveView.h */ = {isa = PBXFileReference; fileEncoding = 4; lastKnownFileType = sourcecode.c.h; path = KSYInteractiveView.h; sourceTree = "<group>"; };
		7C43BB981C19853200AB8402 /* KSYInteractiveView.m */ = {isa = PBXFileReference; fileEncoding = 4; lastKnownFileType = sourcecode.c.objc; path = KSYInteractiveView.m; sourceTree = "<group>"; };
		7C5CA4D71C21638A003A92A8 /* KSYAlertView.h */ = {isa = PBXFileReference; fileEncoding = 4; lastKnownFileType = sourcecode.c.h; path = KSYAlertView.h; sourceTree = "<group>"; };
		7C5CA4D81C21638A003A92A8 /* KSYAlertView.m */ = {isa = PBXFileReference; fileEncoding = 4; lastKnownFileType = sourcecode.c.objc; path = KSYAlertView.m; sourceTree = "<group>"; };
		7C5CA4DA1C2193BB003A92A8 /* UIColor+ColorExtension.h */ = {isa = PBXFileReference; fileEncoding = 4; lastKnownFileType = sourcecode.c.h; path = "UIColor+ColorExtension.h"; sourceTree = "<group>"; };
		7C5CA4DB1C2193BB003A92A8 /* UIColor+ColorExtension.m */ = {isa = PBXFileReference; fileEncoding = 4; lastKnownFileType = sourcecode.c.objc; path = "UIColor+ColorExtension.m"; sourceTree = "<group>"; };
		7C5CA4DD1C225514003A92A8 /* KSYProgressToolBar.h */ = {isa = PBXFileReference; fileEncoding = 4; lastKnownFileType = sourcecode.c.h; path = KSYProgressToolBar.h; sourceTree = "<group>"; };
		7C5CA4DE1C225514003A92A8 /* KSYProgressToolBar.m */ = {isa = PBXFileReference; fileEncoding = 4; lastKnownFileType = sourcecode.c.objc; path = KSYProgressToolBar.m; sourceTree = "<group>"; };
		7CB994E41C27F81A00E86919 /* KSYMediaPlayer.framework */ = {isa = PBXFileReference; lastKnownFileType = wrapper.framework; path = KSYMediaPlayer.framework; sourceTree = "<group>"; };
		7CB994E61C27F96700E86919 /* VideoToolbox.framework */ = {isa = PBXFileReference; lastKnownFileType = wrapper.framework; name = VideoToolbox.framework; path = System/Library/Frameworks/VideoToolbox.framework; sourceTree = SDKROOT; };
		7CB994E91C28016100E86919 /* KSYBarView.h */ = {isa = PBXFileReference; fileEncoding = 4; lastKnownFileType = sourcecode.c.h; path = KSYBarView.h; sourceTree = "<group>"; };
		7CB994EA1C28016100E86919 /* KSYBarView.m */ = {isa = PBXFileReference; fileEncoding = 4; lastKnownFileType = sourcecode.c.objc; path = KSYBarView.m; sourceTree = "<group>"; };
		7CB994EB1C28016100E86919 /* MediaControlDefine.h */ = {isa = PBXFileReference; fileEncoding = 4; lastKnownFileType = sourcecode.c.h; path = MediaControlDefine.h; sourceTree = "<group>"; };
		7CB994EC1C28016100E86919 /* MediaControlView.h */ = {isa = PBXFileReference; fileEncoding = 4; lastKnownFileType = sourcecode.c.h; path = MediaControlView.h; sourceTree = "<group>"; };
		7CB994ED1C28016100E86919 /* MediaControlView.m */ = {isa = PBXFileReference; fileEncoding = 4; lastKnownFileType = sourcecode.c.objc; path = MediaControlView.m; sourceTree = "<group>"; };
		7CB994EE1C28016100E86919 /* MediaControlViewController.h */ = {isa = PBXFileReference; fileEncoding = 4; lastKnownFileType = sourcecode.c.h; path = MediaControlViewController.h; sourceTree = "<group>"; };
		7CB994EF1C28016100E86919 /* MediaControlViewController.m */ = {isa = PBXFileReference; fileEncoding = 4; lastKnownFileType = sourcecode.c.objc; path = MediaControlViewController.m; sourceTree = "<group>"; };
		7CB994F01C28016100E86919 /* MediaVoiceView.h */ = {isa = PBXFileReference; fileEncoding = 4; lastKnownFileType = sourcecode.c.h; path = MediaVoiceView.h; sourceTree = "<group>"; };
		7CB994F11C28016100E86919 /* MediaVoiceView.m */ = {isa = PBXFileReference; fileEncoding = 4; lastKnownFileType = sourcecode.c.objc; path = MediaVoiceView.m; sourceTree = "<group>"; };
		7CB994F21C28016100E86919 /* ThemeManager.h */ = {isa = PBXFileReference; fileEncoding = 4; lastKnownFileType = sourcecode.c.h; path = ThemeManager.h; sourceTree = "<group>"; };
		7CB994F31C28016100E86919 /* ThemeManager.m */ = {isa = PBXFileReference; fileEncoding = 4; lastKnownFileType = sourcecode.c.objc; path = ThemeManager.m; sourceTree = "<group>"; };
		7CBE38B21B7B5847003AC1D9 /* a.mp4 */ = {isa = PBXFileReference; lastKnownFileType = file; path = a.mp4; sourceTree = "<group>"; };
		7CCEAE201C23B632009E2F89 /* NSObject+PlayerControl.h */ = {isa = PBXFileReference; fileEncoding = 4; lastKnownFileType = sourcecode.c.h; path = "NSObject+PlayerControl.h"; sourceTree = "<group>"; };
		7CCEAE211C23B632009E2F89 /* NSObject+PlayerControl.m */ = {isa = PBXFileReference; fileEncoding = 4; lastKnownFileType = sourcecode.c.objc; path = "NSObject+PlayerControl.m"; sourceTree = "<group>"; };
		7CCEAE231C23D7E3009E2F89 /* KSYBasePlayView.h */ = {isa = PBXFileReference; fileEncoding = 4; lastKnownFileType = sourcecode.c.h; path = KSYBasePlayView.h; sourceTree = "<group>"; };
		7CCEAE241C23D7E3009E2F89 /* KSYBasePlayView.m */ = {isa = PBXFileReference; fileEncoding = 4; lastKnownFileType = sourcecode.c.objc; path = KSYBasePlayView.m; sourceTree = "<group>"; };
		7CD2AD371C0D969A00E6532D /* KSYMainViewController.h */ = {isa = PBXFileReference; fileEncoding = 4; lastKnownFileType = sourcecode.c.h; path = KSYMainViewController.h; sourceTree = "<group>"; };
		7CD2AD381C0D969A00E6532D /* KSYMainViewController.m */ = {isa = PBXFileReference; fileEncoding = 4; lastKnownFileType = sourcecode.c.objc; path = KSYMainViewController.m; sourceTree = "<group>"; };
		7CDBE5A21C15556B00D221C7 /* KSYPopilarLivePlayVC.h */ = {isa = PBXFileReference; fileEncoding = 4; lastKnownFileType = sourcecode.c.h; path = KSYPopilarLivePlayVC.h; sourceTree = "<group>"; };
		7CDBE5A31C15556B00D221C7 /* KSYPopilarLivePlayVC.m */ = {isa = PBXFileReference; fileEncoding = 4; lastKnownFileType = sourcecode.c.objc; path = KSYPopilarLivePlayVC.m; sourceTree = "<group>"; };
		7CDBE5A51C15557B00D221C7 /* KSYPopilarLivePlayBackVC.h */ = {isa = PBXFileReference; fileEncoding = 4; lastKnownFileType = sourcecode.c.h; path = KSYPopilarLivePlayBackVC.h; sourceTree = "<group>"; };
		7CDBE5A61C15557B00D221C7 /* KSYPopilarLivePlayBackVC.m */ = {isa = PBXFileReference; fileEncoding = 4; lastKnownFileType = sourcecode.c.objc; path = KSYPopilarLivePlayBackVC.m; sourceTree = "<group>"; };
		7CDBE5A81C15558900D221C7 /* KSYPhoneLivePlayVC.h */ = {isa = PBXFileReference; fileEncoding = 4; lastKnownFileType = sourcecode.c.h; path = KSYPhoneLivePlayVC.h; sourceTree = "<group>"; };
		7CDBE5A91C15558900D221C7 /* KSYPhoneLivePlayVC.m */ = {isa = PBXFileReference; fileEncoding = 4; lastKnownFileType = sourcecode.c.objc; path = KSYPhoneLivePlayVC.m; sourceTree = "<group>"; };
		7CDBE5AB1C15559A00D221C7 /* KSYPhoneLivePlayBackVC.h */ = {isa = PBXFileReference; fileEncoding = 4; lastKnownFileType = sourcecode.c.h; path = KSYPhoneLivePlayBackVC.h; sourceTree = "<group>"; };
		7CDBE5AC1C15559A00D221C7 /* KSYPhoneLivePlayBackVC.m */ = {isa = PBXFileReference; fileEncoding = 4; lastKnownFileType = sourcecode.c.objc; path = KSYPhoneLivePlayBackVC.m; sourceTree = "<group>"; };
		7CDBE5AE1C1555A900D221C7 /* KSYVideoOnDemandPlayVC.h */ = {isa = PBXFileReference; fileEncoding = 4; lastKnownFileType = sourcecode.c.h; path = KSYVideoOnDemandPlayVC.h; sourceTree = "<group>"; };
		7CDBE5AF1C1555A900D221C7 /* KSYVideoOnDemandPlayVC.m */ = {isa = PBXFileReference; fileEncoding = 4; lastKnownFileType = sourcecode.c.objc; path = KSYVideoOnDemandPlayVC.m; sourceTree = "<group>"; };
		7CDBE5B11C1555B800D221C7 /* KSYShortVideoPlayVC.h */ = {isa = PBXFileReference; fileEncoding = 4; lastKnownFileType = sourcecode.c.h; path = KSYShortVideoPlayVC.h; sourceTree = "<group>"; };
		7CDBE5B21C1555B800D221C7 /* KSYShortVideoPlayVC.m */ = {isa = PBXFileReference; fileEncoding = 4; lastKnownFileType = sourcecode.c.objc; path = KSYShortVideoPlayVC.m; sourceTree = "<group>"; };
		7CDBE5B91C1567FB00D221C7 /* KSYBaseViewController.h */ = {isa = PBXFileReference; fileEncoding = 4; lastKnownFileType = sourcecode.c.h; path = KSYBaseViewController.h; sourceTree = "<group>"; };
		7CDBE5BA1C1567FB00D221C7 /* KSYBaseViewController.m */ = {isa = PBXFileReference; fileEncoding = 4; lastKnownFileType = sourcecode.c.objc; path = KSYBaseViewController.m; sourceTree = "<group>"; };
		7CDBE5BE1C157C0D00D221C7 /* UIViewController+PlayerState.h */ = {isa = PBXFileReference; fileEncoding = 4; lastKnownFileType = sourcecode.c.h; path = "UIViewController+PlayerState.h"; sourceTree = "<group>"; };
		7CDBE5BF1C157C0D00D221C7 /* UIViewController+PlayerState.m */ = {isa = PBXFileReference; fileEncoding = 4; lastKnownFileType = sourcecode.c.objc; path = "UIViewController+PlayerState.m"; sourceTree = "<group>"; };
		7CDBE5D21C158F4600D221C7 /* KSYPhoneLivePlayView.h */ = {isa = PBXFileReference; fileEncoding = 4; lastKnownFileType = sourcecode.c.h; path = KSYPhoneLivePlayView.h; sourceTree = "<group>"; };
		7CDBE5D31C158F4600D221C7 /* KSYPhoneLivePlayView.m */ = {isa = PBXFileReference; fileEncoding = 4; lastKnownFileType = sourcecode.c.objc; path = KSYPhoneLivePlayView.m; sourceTree = "<group>"; };
		7CDBE5D51C15B12100D221C7 /* UIView+BFExtension.h */ = {isa = PBXFileReference; fileEncoding = 4; lastKnownFileType = sourcecode.c.h; path = "UIView+BFExtension.h"; sourceTree = "<group>"; };
		7CDBE5D61C15B12100D221C7 /* UIView+BFExtension.m */ = {isa = PBXFileReference; fileEncoding = 4; lastKnownFileType = sourcecode.c.objc; path = "UIView+BFExtension.m"; sourceTree = "<group>"; };
		7CDBE5DC1C16B22200D221C7 /* UserInfoModel.h */ = {isa = PBXFileReference; fileEncoding = 4; lastKnownFileType = sourcecode.c.h; path = UserInfoModel.h; sourceTree = "<group>"; };
		7CDBE5DD1C16B22200D221C7 /* UserInfoModel.m */ = {isa = PBXFileReference; fileEncoding = 4; lastKnownFileType = sourcecode.c.objc; path = UserInfoModel.m; sourceTree = "<group>"; };
		7CDBE5DF1C16D1B000D221C7 /* KSYCommentTableView.h */ = {isa = PBXFileReference; fileEncoding = 4; lastKnownFileType = sourcecode.c.h; path = KSYCommentTableView.h; sourceTree = "<group>"; };
		7CDBE5E01C16D1B000D221C7 /* KSYCommentTableView.m */ = {isa = PBXFileReference; fileEncoding = 4; lastKnownFileType = sourcecode.c.objc; path = KSYCommentTableView.m; sourceTree = "<group>"; };
		7CDBE5E31C16E02700D221C7 /* KSYCommentCell.h */ = {isa = PBXFileReference; fileEncoding = 4; lastKnownFileType = sourcecode.c.h; path = KSYCommentCell.h; sourceTree = "<group>"; };
		7CDBE5E41C16E02700D221C7 /* KSYCommentCell.m */ = {isa = PBXFileReference; fileEncoding = 4; lastKnownFileType = sourcecode.c.objc; path = KSYCommentCell.m; sourceTree = "<group>"; };
		7CDBE5E81C17D7E100D221C7 /* KSYSpectatorsTableView.h */ = {isa = PBXFileReference; fileEncoding = 4; lastKnownFileType = sourcecode.c.h; path = KSYSpectatorsTableView.h; sourceTree = "<group>"; };
		7CDBE5E91C17D7E100D221C7 /* KSYSpectatorsTableView.m */ = {isa = PBXFileReference; fileEncoding = 4; lastKnownFileType = sourcecode.c.objc; path = KSYSpectatorsTableView.m; sourceTree = "<group>"; };
		7CDBE5EB1C17DF9B00D221C7 /* KSYSpectatorsCell.h */ = {isa = PBXFileReference; fileEncoding = 4; lastKnownFileType = sourcecode.c.h; path = KSYSpectatorsCell.h; sourceTree = "<group>"; };
		7CDBE5EC1C17DF9B00D221C7 /* KSYSpectatorsCell.m */ = {isa = PBXFileReference; fileEncoding = 4; lastKnownFileType = sourcecode.c.objc; path = KSYSpectatorsCell.m; sourceTree = "<group>"; };
		7CDBE5EE1C18005000D221C7 /* SpectatorModel.h */ = {isa = PBXFileReference; fileEncoding = 4; lastKnownFileType = sourcecode.c.h; path = SpectatorModel.h; sourceTree = "<group>"; };
		7CDBE5EF1C18005000D221C7 /* SpectatorModel.m */ = {isa = PBXFileReference; fileEncoding = 4; lastKnownFileType = sourcecode.c.objc; path = SpectatorModel.m; sourceTree = "<group>"; };
		E3236FEA1C2A7D8600CB6B99 /* SJDetailView.h */ = {isa = PBXFileReference; fileEncoding = 4; lastKnownFileType = sourcecode.c.h; path = SJDetailView.h; sourceTree = "<group>"; };
		E3236FEB1C2A7D8600CB6B99 /* SJDetailView.m */ = {isa = PBXFileReference; fileEncoding = 4; lastKnownFileType = sourcecode.c.objc; path = SJDetailView.m; sourceTree = "<group>"; };
		E3236FF01C2B85DE00CB6B99 /* KSYVideoPlayerView.h */ = {isa = PBXFileReference; fileEncoding = 4; lastKnownFileType = sourcecode.c.h; name = KSYVideoPlayerView.h; path = SJView/KSYVideoPlayerView.h; sourceTree = "<group>"; };
		E3236FF11C2B85DE00CB6B99 /* KSYVideoPlayerView.m */ = {isa = PBXFileReference; fileEncoding = 4; lastKnownFileType = sourcecode.c.objc; name = KSYVideoPlayerView.m; path = SJView/KSYVideoPlayerView.m; sourceTree = "<group>"; };
		E3236FF31C2B9EFF00CB6B99 /* KSYTopView.h */ = {isa = PBXFileReference; fileEncoding = 4; lastKnownFileType = sourcecode.c.h; path = KSYTopView.h; sourceTree = "<group>"; };
		E3236FF41C2B9EFF00CB6B99 /* KSYTopView.m */ = {isa = PBXFileReference; fileEncoding = 4; lastKnownFileType = sourcecode.c.objc; path = KSYTopView.m; sourceTree = "<group>"; };
		E3236FF61C2BA4EA00CB6B99 /* KSYBottomView.h */ = {isa = PBXFileReference; fileEncoding = 4; lastKnownFileType = sourcecode.c.h; name = KSYBottomView.h; path = SJView/KSYBottomView.h; sourceTree = "<group>"; };
		E3236FF71C2BA4EA00CB6B99 /* KSYBottomView.m */ = {isa = PBXFileReference; fileEncoding = 4; lastKnownFileType = sourcecode.c.objc; name = KSYBottomView.m; path = SJView/KSYBottomView.m; sourceTree = "<group>"; };
		E3236FFC1C2BC05800CB6B99 /* KSYCommentView.h */ = {isa = PBXFileReference; fileEncoding = 4; lastKnownFileType = sourcecode.c.h; name = KSYCommentView.h; path = SJView/KSYCommentView.h; sourceTree = "<group>"; };
		E3236FFD1C2BC05800CB6B99 /* KSYCommentView.m */ = {isa = PBXFileReference; fileEncoding = 4; lastKnownFileType = sourcecode.c.objc; name = KSYCommentView.m; path = SJView/KSYCommentView.m; sourceTree = "<group>"; };
		E341BB891C2A690300E4A4A4 /* SJSnapeView.h */ = {isa = PBXFileReference; fileEncoding = 4; lastKnownFileType = sourcecode.c.h; name = SJSnapeView.h; path = SJView/SJSnapeView.h; sourceTree = "<group>"; };
		E341BB8A1C2A690300E4A4A4 /* SJSnapeView.m */ = {isa = PBXFileReference; fileEncoding = 4; lastKnownFileType = sourcecode.c.objc; name = SJSnapeView.m; path = SJView/SJSnapeView.m; sourceTree = "<group>"; };
		E341BB8D1C2A6D0200E4A4A4 /* SJLiveCtrBarView.h */ = {isa = PBXFileReference; fileEncoding = 4; lastKnownFileType = sourcecode.c.h; name = SJLiveCtrBarView.h; path = SJView/SJLiveCtrBarView.h; sourceTree = "<group>"; };
		E341BB8E1C2A6D0200E4A4A4 /* SJLiveCtrBarView.m */ = {isa = PBXFileReference; fileEncoding = 4; lastKnownFileType = sourcecode.c.objc; name = SJLiveCtrBarView.m; path = SJView/SJLiveCtrBarView.m; sourceTree = "<group>"; };
		E341BB901C2A6D3400E4A4A4 /* SJCtrBarView.h */ = {isa = PBXFileReference; fileEncoding = 4; lastKnownFileType = sourcecode.c.h; name = SJCtrBarView.h; path = SJView/SJCtrBarView.h; sourceTree = "<group>"; };
		E341BB911C2A6D3400E4A4A4 /* SJCtrBarView.m */ = {isa = PBXFileReference; fileEncoding = 4; lastKnownFileType = sourcecode.c.objc; name = SJCtrBarView.m; path = SJView/SJCtrBarView.m; sourceTree = "<group>"; };
		E341BB931C2A723100E4A4A4 /* SJNoticeView.h */ = {isa = PBXFileReference; fileEncoding = 4; lastKnownFileType = sourcecode.c.h; name = SJNoticeView.h; path = SJView/SJNoticeView.h; sourceTree = "<group>"; };
		E341BB941C2A723100E4A4A4 /* SJNoticeView.m */ = {isa = PBXFileReference; fileEncoding = 4; lastKnownFileType = sourcecode.c.objc; name = SJNoticeView.m; path = SJView/SJNoticeView.m; sourceTree = "<group>"; };
		E37D160B1C2819750009715A /* Model1.h */ = {isa = PBXFileReference; fileEncoding = 4; lastKnownFileType = sourcecode.c.h; path = Model1.h; sourceTree = "<group>"; };
		E37D160C1C2819750009715A /* Model1.m */ = {isa = PBXFileReference; fileEncoding = 4; lastKnownFileType = sourcecode.c.objc; path = Model1.m; sourceTree = "<group>"; };
		E37D160D1C2819750009715A /* Model2.h */ = {isa = PBXFileReference; fileEncoding = 4; lastKnownFileType = sourcecode.c.h; path = Model2.h; sourceTree = "<group>"; };
		E37D160E1C2819750009715A /* Model2.m */ = {isa = PBXFileReference; fileEncoding = 4; lastKnownFileType = sourcecode.c.objc; path = Model2.m; sourceTree = "<group>"; };
		E37D160F1C2819750009715A /* Model3.h */ = {isa = PBXFileReference; fileEncoding = 4; lastKnownFileType = sourcecode.c.h; path = Model3.h; sourceTree = "<group>"; };
		E37D16101C2819750009715A /* Model3.m */ = {isa = PBXFileReference; fileEncoding = 4; lastKnownFileType = sourcecode.c.objc; path = Model3.m; sourceTree = "<group>"; };
		E37D16141C2819C20009715A /* KSY1TableViewCell.h */ = {isa = PBXFileReference; fileEncoding = 4; lastKnownFileType = sourcecode.c.h; path = KSY1TableViewCell.h; sourceTree = "<group>"; };
		E37D16151C2819C20009715A /* KSY1TableViewCell.m */ = {isa = PBXFileReference; fileEncoding = 4; lastKnownFileType = sourcecode.c.objc; path = KSY1TableViewCell.m; sourceTree = "<group>"; };
		E37D16161C2819C20009715A /* KSY2TableViewCell.h */ = {isa = PBXFileReference; fileEncoding = 4; lastKnownFileType = sourcecode.c.h; path = KSY2TableViewCell.h; sourceTree = "<group>"; };
		E37D16171C2819C20009715A /* KSY2TableViewCell.m */ = {isa = PBXFileReference; fileEncoding = 4; lastKnownFileType = sourcecode.c.objc; path = KSY2TableViewCell.m; sourceTree = "<group>"; };
		E37D16181C2819C20009715A /* KSY3TableViewCell.h */ = {isa = PBXFileReference; fileEncoding = 4; lastKnownFileType = sourcecode.c.h; path = KSY3TableViewCell.h; sourceTree = "<group>"; };
		E37D16191C2819C20009715A /* KSY3TableViewCell.m */ = {isa = PBXFileReference; fileEncoding = 4; lastKnownFileType = sourcecode.c.objc; path = KSY3TableViewCell.m; sourceTree = "<group>"; };
		E37D161D1C281AC70009715A /* KSYHead.h */ = {isa = PBXFileReference; lastKnownFileType = sourcecode.c.h; path = KSYHead.h; sourceTree = "<group>"; };
		E37D161F1C2850170009715A /* backgroundImage.png */ = {isa = PBXFileReference; lastKnownFileType = image.png; path = backgroundImage.png; sourceTree = "<group>"; };
		E37D16201C2850170009715A /* default.png */ = {isa = PBXFileReference; lastKnownFileType = image.png; path = default.png; sourceTree = "<group>"; };
		E37D16211C2850170009715A /* play.png */ = {isa = PBXFileReference; lastKnownFileType = image.png; path = play.png; sourceTree = "<group>"; };
		E37D16221C2850170009715A /* touxiang.png */ = {isa = PBXFileReference; lastKnownFileType = image.png; path = touxiang.png; sourceTree = "<group>"; };
		E37D16231C2850170009715A /* 0.jpg */ = {isa = PBXFileReference; lastKnownFileType = image.jpeg; path = 0.jpg; sourceTree = "<group>"; };
		E37D16241C2850170009715A /* 1.jpg */ = {isa = PBXFileReference; lastKnownFileType = image.jpeg; path = 1.jpg; sourceTree = "<group>"; };
		E37D16251C2850170009715A /* a.mp4 */ = {isa = PBXFileReference; lastKnownFileType = file; path = a.mp4; sourceTree = "<group>"; };
		E37D16261C2850170009715A /* Model1.plist */ = {isa = PBXFileReference; fileEncoding = 4; lastKnownFileType = text.plist.xml; path = Model1.plist; sourceTree = "<group>"; };
		E37D16271C2850170009715A /* Model2.plist */ = {isa = PBXFileReference; fileEncoding = 4; lastKnownFileType = text.plist.xml; path = Model2.plist; sourceTree = "<group>"; };
		E37D16281C2850170009715A /* Model3.plist */ = {isa = PBXFileReference; fileEncoding = 4; lastKnownFileType = text.plist.xml; path = Model3.plist; sourceTree = "<group>"; };
		E37D16331C285BA70009715A /* KSBarrageItemView.h */ = {isa = PBXFileReference; fileEncoding = 4; lastKnownFileType = sourcecode.c.h; path = KSBarrageItemView.h; sourceTree = "<group>"; };
		E37D16341C285BA70009715A /* KSBarrageItemView.m */ = {isa = PBXFileReference; fileEncoding = 4; lastKnownFileType = sourcecode.c.objc; path = KSBarrageItemView.m; sourceTree = "<group>"; };
		E37D16351C285BA70009715A /* KSBarrageView.h */ = {isa = PBXFileReference; fileEncoding = 4; lastKnownFileType = sourcecode.c.h; path = KSBarrageView.h; sourceTree = "<group>"; };
		E37D16361C285BA70009715A /* KSBarrageView.m */ = {isa = PBXFileReference; fileEncoding = 4; lastKnownFileType = sourcecode.c.objc; path = KSBarrageView.m; sourceTree = "<group>"; };
		E37D1DC71C28F8D70009715A /* Logo2@2x.png */ = {isa = PBXFileReference; lastKnownFileType = image.png; path = "Logo2@2x.png"; sourceTree = "<group>"; };
		E37D202C1C2940490009715A /* red */ = {isa = PBXFileReference; lastKnownFileType = folder; path = red; sourceTree = "<group>"; };
		E37D202D1C2940490009715A /* green */ = {isa = PBXFileReference; lastKnownFileType = folder; path = green; sourceTree = "<group>"; };
		E37D202E1C2940490009715A /* orange */ = {isa = PBXFileReference; lastKnownFileType = folder; path = orange; sourceTree = "<group>"; };
		E37D202F1C2940490009715A /* phone-h265.480p.300kbps@2x.png */ = {isa = PBXFileReference; lastKnownFileType = image.png; path = "phone-h265.480p.300kbps@2x.png"; sourceTree = "<group>"; };
		E37D20301C2940490009715A /* pink */ = {isa = PBXFileReference; lastKnownFileType = folder; path = pink; sourceTree = "<group>"; };
		E37D20311C2940490009715A /* blue */ = {isa = PBXFileReference; lastKnownFileType = folder; path = blue; sourceTree = "<group>"; };
		E37D20321C2940490009715A /* ipad-h265.720p.1Mbps@2x.png */ = {isa = PBXFileReference; lastKnownFileType = image.png; path = "ipad-h265.720p.1Mbps@2x.png"; sourceTree = "<group>"; };
/* End PBXFileReference section */

/* Begin PBXFrameworksBuildPhase section */
		0A68AA411ABBFAE2006CA2EF /* Frameworks */ = {
			isa = PBXFrameworksBuildPhase;
			buildActionMask = 2147483647;
			files = (
				7CB994E71C27F96700E86919 /* VideoToolbox.framework in Frameworks */,
				7C2902DB1C116FC100F95AF3 /* CoreTelephony.framework in Frameworks */,
				04C477291B8DAAD900159373 /* CoreData.framework in Frameworks */,
				13E586131B5F8FD20068F75F /* libstdc++.6.dylib in Frameworks */,
				0A164AE31ABC23CA00AEEB75 /* libbz2.dylib in Frameworks */,
				0A164AE11ABC23C200AEEB75 /* libz.dylib in Frameworks */,
				7CB994E51C27F81A00E86919 /* KSYMediaPlayer.framework in Frameworks */,
				0A164ADF1ABC23BA00AEEB75 /* UIKit.framework in Frameworks */,
				0A164ADD1ABC23B200AEEB75 /* AudioToolbox.framework in Frameworks */,
				0A164ADB1ABC23AA00AEEB75 /* OpenGLES.framework in Frameworks */,
				0A164AD91ABC23A200AEEB75 /* MediaPlayer.framework in Frameworks */,
				0A164AD71ABC239B00AEEB75 /* CoreGraphics.framework in Frameworks */,
				0A164AD51ABC239400AEEB75 /* QuartzCore.framework in Frameworks */,
				0A164AD31ABC238A00AEEB75 /* AVFoundation.framework in Frameworks */,
				0A164AD11ABC238200AEEB75 /* CoreMedia.framework in Frameworks */,
			);
			runOnlyForDeploymentPostprocessing = 0;
		};
		0A68AA5A1ABBFAE3006CA2EF /* Frameworks */ = {
			isa = PBXFrameworksBuildPhase;
			buildActionMask = 2147483647;
			files = (
			);
			runOnlyForDeploymentPostprocessing = 0;
		};
/* End PBXFrameworksBuildPhase section */

/* Begin PBXGroup section */
		0A68AA3B1ABBFAE2006CA2EF = {
			isa = PBXGroup;
			children = (
				7CB994E61C27F96700E86919 /* VideoToolbox.framework */,
				7CB994E41C27F81A00E86919 /* KSYMediaPlayer.framework */,
				7C2902DA1C116FC100F95AF3 /* CoreTelephony.framework */,
				04C4773C1B8DAF3D00159373 /* KSYMediaResource.bundle */,
				04C477281B8DAAD900159373 /* CoreData.framework */,
				7CBE38B21B7B5847003AC1D9 /* a.mp4 */,
				13E586121B5F8FD20068F75F /* libstdc++.6.dylib */,
				1327D3951ACD377F0042A834 /* Reachability */,
				13869D2D1AC3FAF30083B670 /* Framework */,
				13869D091AC3EDD70083B670 /* Resources */,
				13869D121AC3EDD70083B670 /* Util */,
				7CB994E81C28016100E86919 /* MediaControlViewController */,
				7CDBE5BD1C157BC900D221C7 /* Catergoary */,
				0A68AA461ABBFAE2006CA2EF /* KSYVideoDemo */,
				7CDBE5DB1C16B1A200D221C7 /* Model */,
				7CDBE5D11C158EB300D221C7 /* View */,
				13869D231AC3F4570083B670 /* VideoViewController */,
				0A68AA471ABBFAE2006CA2EF /* Supporting Files */,
				0A68AA601ABBFAE3006CA2EF /* KSYVideoDemoTests */,
				0A68AA451ABBFAE2006CA2EF /* Products */,
			);
			sourceTree = "<group>";
		};
		0A68AA451ABBFAE2006CA2EF /* Products */ = {
			isa = PBXGroup;
			children = (
				0A68AA441ABBFAE2006CA2EF /* KSYVideoDemo.app */,
				0A68AA5D1ABBFAE3006CA2EF /* KSYVideoDemoTests.xctest */,
			);
			name = Products;
			sourceTree = "<group>";
		};
		0A68AA461ABBFAE2006CA2EF /* KSYVideoDemo */ = {
			isa = PBXGroup;
			children = (
				0A68AA4B1ABBFAE2006CA2EF /* AppDelegate.h */,
				0A68AA4C1ABBFAE2006CA2EF /* AppDelegate.m */,
				0A7CBF941AD7968F007C363C /* KSYDefine.h */,
				130F72871B0F37F4004B966B /* Images.xcassets */,
				E37D161D1C281AC70009715A /* KSYHead.h */,
			);
			path = KSYVideoDemo;
			sourceTree = "<group>";
		};
		0A68AA471ABBFAE2006CA2EF /* Supporting Files */ = {
			isa = PBXGroup;
			children = (
				0A68AA481ABBFAE2006CA2EF /* Info.plist */,
				0A68AA491ABBFAE2006CA2EF /* main.m */,
			);
			name = "Supporting Files";
			path = KSYVideoDemo;
			sourceTree = "<group>";
		};
		0A68AA601ABBFAE3006CA2EF /* KSYVideoDemoTests */ = {
			isa = PBXGroup;
			children = (
				0A68AA631ABBFAE3006CA2EF /* KSYVideoDemoTests.m */,
				0A68AA611ABBFAE3006CA2EF /* Supporting Files */,
			);
			path = KSYVideoDemoTests;
			sourceTree = "<group>";
		};
		0A68AA611ABBFAE3006CA2EF /* Supporting Files */ = {
			isa = PBXGroup;
			children = (
				0A68AA621ABBFAE3006CA2EF /* Info.plist */,
			);
			name = "Supporting Files";
			sourceTree = "<group>";
		};
		1327D3951ACD377F0042A834 /* Reachability */ = {
			isa = PBXGroup;
			children = (
				1327D3961ACD377F0042A834 /* Reachability.h */,
				1327D3971ACD377F0042A834 /* Reachability.m */,
			);
			path = Reachability;
			sourceTree = "<group>";
		};
		13869D091AC3EDD70083B670 /* Resources */ = {
			isa = PBXGroup;
			children = (
				E37D202C1C2940490009715A /* red */,
				E37D202D1C2940490009715A /* green */,
				E37D202E1C2940490009715A /* orange */,
				E37D202F1C2940490009715A /* phone-h265.480p.300kbps@2x.png */,
				E37D20301C2940490009715A /* pink */,
				E37D20311C2940490009715A /* blue */,
				E37D20321C2940490009715A /* ipad-h265.720p.1Mbps@2x.png */,
				E37D1BC41C28F5E30009715A /* SJResease */,
				E37D161E1C284FBC0009715A /* New Group */,
			);
			path = Resources;
			sourceTree = "<group>";
		};
		13869D121AC3EDD70083B670 /* Util */ = {
			isa = PBXGroup;
			children = (
			);
			path = Util;
			sourceTree = "<group>";
		};
		13869D231AC3F4570083B670 /* VideoViewController */ = {
			isa = PBXGroup;
			children = (
				7CD2AD371C0D969A00E6532D /* KSYMainViewController.h */,
				7CD2AD381C0D969A00E6532D /* KSYMainViewController.m */,
				7CDBE5B91C1567FB00D221C7 /* KSYBaseViewController.h */,
				7CDBE5BA1C1567FB00D221C7 /* KSYBaseViewController.m */,
				7CDBE5A21C15556B00D221C7 /* KSYPopilarLivePlayVC.h */,
				7CDBE5A31C15556B00D221C7 /* KSYPopilarLivePlayVC.m */,
				7CDBE5A51C15557B00D221C7 /* KSYPopilarLivePlayBackVC.h */,
				7CDBE5A61C15557B00D221C7 /* KSYPopilarLivePlayBackVC.m */,
				7CDBE5A81C15558900D221C7 /* KSYPhoneLivePlayVC.h */,
				7CDBE5A91C15558900D221C7 /* KSYPhoneLivePlayVC.m */,
				7CDBE5AB1C15559A00D221C7 /* KSYPhoneLivePlayBackVC.h */,
				7CDBE5AC1C15559A00D221C7 /* KSYPhoneLivePlayBackVC.m */,
				7CDBE5AE1C1555A900D221C7 /* KSYVideoOnDemandPlayVC.h */,
				7CDBE5AF1C1555A900D221C7 /* KSYVideoOnDemandPlayVC.m */,
				7CDBE5B11C1555B800D221C7 /* KSYShortVideoPlayVC.h */,
				7CDBE5B21C1555B800D221C7 /* KSYShortVideoPlayVC.m */,
			);
			path = VideoViewController;
			sourceTree = "<group>";
		};
		13869D2D1AC3FAF30083B670 /* Framework */ = {
			isa = PBXGroup;
			children = (
				0A164AE21ABC23CA00AEEB75 /* libbz2.dylib */,
				0A164AE01ABC23C200AEEB75 /* libz.dylib */,
				0A164ADE1ABC23BA00AEEB75 /* UIKit.framework */,
				0A164ADC1ABC23B200AEEB75 /* AudioToolbox.framework */,
				0A164ADA1ABC23AA00AEEB75 /* OpenGLES.framework */,
				0A164AD81ABC23A200AEEB75 /* MediaPlayer.framework */,
				0A164AD61ABC239B00AEEB75 /* CoreGraphics.framework */,
				0A164AD41ABC239400AEEB75 /* QuartzCore.framework */,
				0A164AD21ABC238A00AEEB75 /* AVFoundation.framework */,
				0A164AD01ABC238200AEEB75 /* CoreMedia.framework */,
			);
			name = Framework;
			sourceTree = "<group>";
		};
		7CB994E81C28016100E86919 /* MediaControlViewController */ = {
			isa = PBXGroup;
			children = (
				7CB994E91C28016100E86919 /* KSYBarView.h */,
				7CB994EA1C28016100E86919 /* KSYBarView.m */,
				7CB994EB1C28016100E86919 /* MediaControlDefine.h */,
				7CB994EC1C28016100E86919 /* MediaControlView.h */,
				7CB994ED1C28016100E86919 /* MediaControlView.m */,
				7CB994EE1C28016100E86919 /* MediaControlViewController.h */,
				7CB994EF1C28016100E86919 /* MediaControlViewController.m */,
				7CB994F01C28016100E86919 /* MediaVoiceView.h */,
				7CB994F11C28016100E86919 /* MediaVoiceView.m */,
				7CB994F21C28016100E86919 /* ThemeManager.h */,
				7CB994F31C28016100E86919 /* ThemeManager.m */,
			);
			path = MediaControlViewController;
			sourceTree = "<group>";
		};
		7CDBE5BD1C157BC900D221C7 /* Catergoary */ = {
			isa = PBXGroup;
			children = (
				7CDBE5D51C15B12100D221C7 /* UIView+BFExtension.h */,
				7CDBE5D61C15B12100D221C7 /* UIView+BFExtension.m */,
				7C5CA4DA1C2193BB003A92A8 /* UIColor+ColorExtension.h */,
				7C5CA4DB1C2193BB003A92A8 /* UIColor+ColorExtension.m */,
				7CDBE5BE1C157C0D00D221C7 /* UIViewController+PlayerState.h */,
				7CDBE5BF1C157C0D00D221C7 /* UIViewController+PlayerState.m */,
				7CCEAE201C23B632009E2F89 /* NSObject+PlayerControl.h */,
				7CCEAE211C23B632009E2F89 /* NSObject+PlayerControl.m */,
			);
			path = Catergoary;
			sourceTree = "<group>";
		};
		7CDBE5D11C158EB300D221C7 /* View */ = {
			isa = PBXGroup;
			children = (
				E341BB8C1C2A691300E4A4A4 /* SJVIEW */,
				E37D16331C285BA70009715A /* KSBarrageItemView.h */,
				E37D16341C285BA70009715A /* KSBarrageItemView.m */,
				E37D16351C285BA70009715A /* KSBarrageView.h */,
				E37D16361C285BA70009715A /* KSBarrageView.m */,
				7CDBE5E21C16DD6600D221C7 /* TableViewCell */,
				7CCEAE231C23D7E3009E2F89 /* KSYBasePlayView.h */,
				7CCEAE241C23D7E3009E2F89 /* KSYBasePlayView.m */,
				7CDBE5D21C158F4600D221C7 /* KSYPhoneLivePlayView.h */,
				7CDBE5D31C158F4600D221C7 /* KSYPhoneLivePlayView.m */,
				7C43BB971C19853200AB8402 /* KSYInteractiveView.h */,
				7C43BB981C19853200AB8402 /* KSYInteractiveView.m */,
				7CDBE5DF1C16D1B000D221C7 /* KSYCommentTableView.h */,
				7CDBE5E01C16D1B000D221C7 /* KSYCommentTableView.m */,
				7CDBE5E81C17D7E100D221C7 /* KSYSpectatorsTableView.h */,
				7CDBE5E91C17D7E100D221C7 /* KSYSpectatorsTableView.m */,
				7C43BB941C196E6F00AB8402 /* KSYMessageToolBar.h */,
				7C43BB951C196E6F00AB8402 /* KSYMessageToolBar.m */,
				7C5CA4DD1C225514003A92A8 /* KSYProgressToolBar.h */,
				7C5CA4DE1C225514003A92A8 /* KSYProgressToolBar.m */,
				7C5CA4D71C21638A003A92A8 /* KSYAlertView.h */,
				7C5CA4D81C21638A003A92A8 /* KSYAlertView.m */,
			);
			path = View;
			sourceTree = "<group>";
		};
		7CDBE5DB1C16B1A200D221C7 /* Model */ = {
			isa = PBXGroup;
			children = (
				E37D160B1C2819750009715A /* Model1.h */,
				E37D160C1C2819750009715A /* Model1.m */,
				E37D160D1C2819750009715A /* Model2.h */,
				E37D160E1C2819750009715A /* Model2.m */,
				E37D160F1C2819750009715A /* Model3.h */,
				E37D16101C2819750009715A /* Model3.m */,
				7CDBE5DC1C16B22200D221C7 /* UserInfoModel.h */,
				7CDBE5DD1C16B22200D221C7 /* UserInfoModel.m */,
				7CDBE5EE1C18005000D221C7 /* SpectatorModel.h */,
				7CDBE5EF1C18005000D221C7 /* SpectatorModel.m */,
				7C43B9C21C18317100AB8402 /* CommentModel.h */,
				7C43B9C31C18317100AB8402 /* CommentModel.m */,
			);
			path = Model;
			sourceTree = "<group>";
		};
		7CDBE5E21C16DD6600D221C7 /* TableViewCell */ = {
			isa = PBXGroup;
			children = (
				E37D16141C2819C20009715A /* KSY1TableViewCell.h */,
				E37D16151C2819C20009715A /* KSY1TableViewCell.m */,
				E37D16161C2819C20009715A /* KSY2TableViewCell.h */,
				E37D16171C2819C20009715A /* KSY2TableViewCell.m */,
				E37D16181C2819C20009715A /* KSY3TableViewCell.h */,
				E37D16191C2819C20009715A /* KSY3TableViewCell.m */,
				7CDBE5E31C16E02700D221C7 /* KSYCommentCell.h */,
				7CDBE5E41C16E02700D221C7 /* KSYCommentCell.m */,
				7CDBE5EB1C17DF9B00D221C7 /* KSYSpectatorsCell.h */,
				7CDBE5EC1C17DF9B00D221C7 /* KSYSpectatorsCell.m */,
			);
			path = TableViewCell;
			sourceTree = "<group>";
		};
		E341BB8C1C2A691300E4A4A4 /* SJVIEW */ = {
			isa = PBXGroup;
			children = (
				E341BB891C2A690300E4A4A4 /* SJSnapeView.h */,
				E341BB8A1C2A690300E4A4A4 /* SJSnapeView.m */,
				E341BB8D1C2A6D0200E4A4A4 /* SJLiveCtrBarView.h */,
				E341BB8E1C2A6D0200E4A4A4 /* SJLiveCtrBarView.m */,
				E341BB901C2A6D3400E4A4A4 /* SJCtrBarView.h */,
				E341BB911C2A6D3400E4A4A4 /* SJCtrBarView.m */,
				E341BB931C2A723100E4A4A4 /* SJNoticeView.h */,
				E341BB941C2A723100E4A4A4 /* SJNoticeView.m */,
				E3236FEA1C2A7D8600CB6B99 /* SJDetailView.h */,
				E3236FEB1C2A7D8600CB6B99 /* SJDetailView.m */,
				E3236FF01C2B85DE00CB6B99 /* KSYVideoPlayerView.h */,
				E3236FF11C2B85DE00CB6B99 /* KSYVideoPlayerView.m */,
				E3236FF31C2B9EFF00CB6B99 /* KSYTopView.h */,
				E3236FF41C2B9EFF00CB6B99 /* KSYTopView.m */,
				E3236FF61C2BA4EA00CB6B99 /* KSYBottomView.h */,
				E3236FF71C2BA4EA00CB6B99 /* KSYBottomView.m */,
				E3236FFC1C2BC05800CB6B99 /* KSYCommentView.h */,
				E3236FFD1C2BC05800CB6B99 /* KSYCommentView.m */,
			);
			name = SJVIEW;
			sourceTree = "<group>";
		};
		E37D161E1C284FBC0009715A /* New Group */ = {
			isa = PBXGroup;
			children = (
			);
			name = "New Group";
			sourceTree = "<group>";
		};
		E37D1BC41C28F5E30009715A /* SJResease */ = {
			isa = PBXGroup;
			children = (
				E37D1DC71C28F8D70009715A /* Logo2@2x.png */,
				E37D161F1C2850170009715A /* backgroundImage.png */,
				E37D16201C2850170009715A /* default.png */,
				E37D16211C2850170009715A /* play.png */,
				E37D16221C2850170009715A /* touxiang.png */,
				E37D16231C2850170009715A /* 0.jpg */,
				E37D16241C2850170009715A /* 1.jpg */,
				E37D16251C2850170009715A /* a.mp4 */,
				E37D16261C2850170009715A /* Model1.plist */,
				E37D16271C2850170009715A /* Model2.plist */,
				E37D16281C2850170009715A /* Model3.plist */,
			);
			name = SJResease;
			sourceTree = "<group>";
		};
/* End PBXGroup section */

/* Begin PBXNativeTarget section */
		0A68AA431ABBFAE2006CA2EF /* KSYVideoDemo */ = {
			isa = PBXNativeTarget;
			buildConfigurationList = 0A68AA671ABBFAE3006CA2EF /* Build configuration list for PBXNativeTarget "KSYVideoDemo" */;
			buildPhases = (
				0A68AA401ABBFAE2006CA2EF /* Sources */,
				0A68AA411ABBFAE2006CA2EF /* Frameworks */,
				0A68AA421ABBFAE2006CA2EF /* Resources */,
			);
			buildRules = (
			);
			dependencies = (
			);
			name = KSYVideoDemo;
			productName = KSYVideoDemo;
			productReference = 0A68AA441ABBFAE2006CA2EF /* KSYVideoDemo.app */;
			productType = "com.apple.product-type.application";
		};
		0A68AA5C1ABBFAE3006CA2EF /* KSYVideoDemoTests */ = {
			isa = PBXNativeTarget;
			buildConfigurationList = 0A68AA6A1ABBFAE3006CA2EF /* Build configuration list for PBXNativeTarget "KSYVideoDemoTests" */;
			buildPhases = (
				0A68AA591ABBFAE3006CA2EF /* Sources */,
				0A68AA5A1ABBFAE3006CA2EF /* Frameworks */,
				0A68AA5B1ABBFAE3006CA2EF /* Resources */,
			);
			buildRules = (
			);
			dependencies = (
				0A68AA5F1ABBFAE3006CA2EF /* PBXTargetDependency */,
			);
			name = KSYVideoDemoTests;
			productName = KSYVideoDemoTests;
			productReference = 0A68AA5D1ABBFAE3006CA2EF /* KSYVideoDemoTests.xctest */;
			productType = "com.apple.product-type.bundle.unit-test";
		};
/* End PBXNativeTarget section */

/* Begin PBXProject section */
		0A68AA3C1ABBFAE2006CA2EF /* Project object */ = {
			isa = PBXProject;
			attributes = {
				LastUpgradeCheck = 0630;
				ORGANIZATIONNAME = kingsoft;
				TargetAttributes = {
					0A68AA431ABBFAE2006CA2EF = {
						CreatedOnToolsVersion = 6.2;
						DevelopmentTeam = HFUZX7Q4Y8;
					};
					0A68AA5C1ABBFAE3006CA2EF = {
						CreatedOnToolsVersion = 6.2;
						DevelopmentTeam = R5WW6M762K;
						TestTargetID = 0A68AA431ABBFAE2006CA2EF;
					};
				};
			};
			buildConfigurationList = 0A68AA3F1ABBFAE2006CA2EF /* Build configuration list for PBXProject "KSYVideoDemo" */;
			compatibilityVersion = "Xcode 3.2";
			developmentRegion = English;
			hasScannedForEncodings = 0;
			knownRegions = (
				en,
				Base,
			);
			mainGroup = 0A68AA3B1ABBFAE2006CA2EF;
			productRefGroup = 0A68AA451ABBFAE2006CA2EF /* Products */;
			projectDirPath = "";
			projectRoot = "";
			targets = (
				0A68AA431ABBFAE2006CA2EF /* KSYVideoDemo */,
				0A68AA5C1ABBFAE3006CA2EF /* KSYVideoDemoTests */,
			);
		};
/* End PBXProject section */

/* Begin PBXResourcesBuildPhase section */
		0A68AA421ABBFAE2006CA2EF /* Resources */ = {
			isa = PBXResourcesBuildPhase;
			buildActionMask = 2147483647;
			files = (
				E37D20351C2940490009715A /* orange in Resources */,
				E37D20391C2940490009715A /* ipad-h265.720p.1Mbps@2x.png in Resources */,
				7CBE38B31B7B5847003AC1D9 /* a.mp4 in Resources */,
				130F72881B0F37F4004B966B /* Images.xcassets in Resources */,
				E37D162E1C2850170009715A /* 1.jpg in Resources */,
				E37D20371C2940490009715A /* pink in Resources */,
				E37D20331C2940490009715A /* red in Resources */,
				E37D1DC81C28F8D70009715A /* Logo2@2x.png in Resources */,
				E37D162F1C2850170009715A /* a.mp4 in Resources */,
				E37D20341C2940490009715A /* green in Resources */,
				E37D16291C2850170009715A /* backgroundImage.png in Resources */,
				E37D162D1C2850170009715A /* 0.jpg in Resources */,
				E37D16321C2850170009715A /* Model3.plist in Resources */,
				E37D20381C2940490009715A /* blue in Resources */,
				E37D16311C2850170009715A /* Model2.plist in Resources */,
				04C4773D1B8DAF3D00159373 /* KSYMediaResource.bundle in Resources */,
				E37D162C1C2850170009715A /* touxiang.png in Resources */,
				E37D20361C2940490009715A /* phone-h265.480p.300kbps@2x.png in Resources */,
				E37D16301C2850170009715A /* Model1.plist in Resources */,
				E37D162B1C2850170009715A /* play.png in Resources */,
				E37D162A1C2850170009715A /* default.png in Resources */,
			);
			runOnlyForDeploymentPostprocessing = 0;
		};
		0A68AA5B1ABBFAE3006CA2EF /* Resources */ = {
			isa = PBXResourcesBuildPhase;
			buildActionMask = 2147483647;
			files = (
			);
			runOnlyForDeploymentPostprocessing = 0;
		};
/* End PBXResourcesBuildPhase section */

/* Begin PBXSourcesBuildPhase section */
		0A68AA401ABBFAE2006CA2EF /* Sources */ = {
			isa = PBXSourcesBuildPhase;
			buildActionMask = 2147483647;
			files = (
				7CDBE5A41C15556B00D221C7 /* KSYPopilarLivePlayVC.m in Sources */,
				7C43BB961C196E6F00AB8402 /* KSYMessageToolBar.m in Sources */,
				E37D16371C285BA70009715A /* KSBarrageItemView.m in Sources */,
				7C5CA4DF1C225514003A92A8 /* KSYProgressToolBar.m in Sources */,
				7CDBE5D41C158F4600D221C7 /* KSYPhoneLivePlayView.m in Sources */,
				7CDBE5AD1C15559A00D221C7 /* KSYPhoneLivePlayBackVC.m in Sources */,
				7CDBE5AA1C15558900D221C7 /* KSYPhoneLivePlayVC.m in Sources */,
				7CDBE5DE1C16B22200D221C7 /* UserInfoModel.m in Sources */,
				E37D16131C2819750009715A /* Model3.m in Sources */,
				7CCEAE251C23D7E3009E2F89 /* KSYBasePlayView.m in Sources */,
				7CDBE5A71C15557B00D221C7 /* KSYPopilarLivePlayBackVC.m in Sources */,
				7CD2AD391C0D969A00E6532D /* KSYMainViewController.m in Sources */,
				E3236FF51C2B9EFF00CB6B99 /* KSYTopView.m in Sources */,
				E3236FEC1C2A7D8600CB6B99 /* SJDetailView.m in Sources */,
				7CDBE5D71C15B12100D221C7 /* UIView+BFExtension.m in Sources */,
				7CB994F41C28016100E86919 /* KSYBarView.m in Sources */,
				7CDBE5C01C157C0D00D221C7 /* UIViewController+PlayerState.m in Sources */,
				7C5CA4D91C21638A003A92A8 /* KSYAlertView.m in Sources */,
				E3236FFE1C2BC05800CB6B99 /* KSYCommentView.m in Sources */,
				7CCEAE221C23B632009E2F89 /* NSObject+PlayerControl.m in Sources */,
				E37D16121C2819750009715A /* Model2.m in Sources */,
				7C43B9C41C18317100AB8402 /* CommentModel.m in Sources */,
				E341BB921C2A6D3400E4A4A4 /* SJCtrBarView.m in Sources */,
				E341BB8B1C2A690300E4A4A4 /* SJSnapeView.m in Sources */,
				E3236FF21C2B85DE00CB6B99 /* KSYVideoPlayerView.m in Sources */,
				7CDBE5E51C16E02700D221C7 /* KSYCommentCell.m in Sources */,
				0A68AA4D1ABBFAE2006CA2EF /* AppDelegate.m in Sources */,
				0A68AA4A1ABBFAE2006CA2EF /* main.m in Sources */,
				7CB994F61C28016100E86919 /* MediaControlViewController.m in Sources */,
				7CB994F81C28016100E86919 /* ThemeManager.m in Sources */,
				1327D3981ACD377F0042A834 /* Reachability.m in Sources */,
				7CDBE5F01C18005000D221C7 /* SpectatorModel.m in Sources */,
				7CDBE5ED1C17DF9B00D221C7 /* KSYSpectatorsCell.m in Sources */,
				E37D161C1C2819C20009715A /* KSY3TableViewCell.m in Sources */,
				E37D16111C2819750009715A /* Model1.m in Sources */,
				E341BB951C2A723100E4A4A4 /* SJNoticeView.m in Sources */,
				7C5CA4DC1C2193BB003A92A8 /* UIColor+ColorExtension.m in Sources */,
				7CDBE5B31C1555B800D221C7 /* KSYShortVideoPlayVC.m in Sources */,
				7C43BB991C19853200AB8402 /* KSYInteractiveView.m in Sources */,
				7CB994F51C28016100E86919 /* MediaControlView.m in Sources */,
				7CDBE5BB1C1567FB00D221C7 /* KSYBaseViewController.m in Sources */,
				7CB994F71C28016100E86919 /* MediaVoiceView.m in Sources */,
				7CDBE5E11C16D1B000D221C7 /* KSYCommentTableView.m in Sources */,
				E37D16381C285BA70009715A /* KSBarrageView.m in Sources */,
				E37D161B1C2819C20009715A /* KSY2TableViewCell.m in Sources */,
				7CDBE5B01C1555A900D221C7 /* KSYVideoOnDemandPlayVC.m in Sources */,
				E341BB8F1C2A6D0200E4A4A4 /* SJLiveCtrBarView.m in Sources */,
				7CDBE5EA1C17D7E100D221C7 /* KSYSpectatorsTableView.m in Sources */,
				E3236FF81C2BA4EA00CB6B99 /* KSYBottomView.m in Sources */,
				E37D161A1C2819C20009715A /* KSY1TableViewCell.m in Sources */,
			);
			runOnlyForDeploymentPostprocessing = 0;
		};
		0A68AA591ABBFAE3006CA2EF /* Sources */ = {
			isa = PBXSourcesBuildPhase;
			buildActionMask = 2147483647;
			files = (
				0A68AA641ABBFAE3006CA2EF /* KSYVideoDemoTests.m in Sources */,
			);
			runOnlyForDeploymentPostprocessing = 0;
		};
/* End PBXSourcesBuildPhase section */

/* Begin PBXTargetDependency section */
		0A68AA5F1ABBFAE3006CA2EF /* PBXTargetDependency */ = {
			isa = PBXTargetDependency;
			target = 0A68AA431ABBFAE2006CA2EF /* KSYVideoDemo */;
			targetProxy = 0A68AA5E1ABBFAE3006CA2EF /* PBXContainerItemProxy */;
		};
/* End PBXTargetDependency section */

/* Begin XCBuildConfiguration section */
		0A68AA651ABBFAE3006CA2EF /* Debug */ = {
			isa = XCBuildConfiguration;
			buildSettings = {
				ALWAYS_SEARCH_USER_PATHS = NO;
				ARCHS = "$(ARCHS_STANDARD)";
				CLANG_CXX_LANGUAGE_STANDARD = "gnu++0x";
				CLANG_CXX_LIBRARY = "libc++";
				CLANG_ENABLE_MODULES = YES;
				CLANG_ENABLE_OBJC_ARC = YES;
				CLANG_WARN_BOOL_CONVERSION = YES;
				CLANG_WARN_CONSTANT_CONVERSION = YES;
				CLANG_WARN_DIRECT_OBJC_ISA_USAGE = YES_ERROR;
				CLANG_WARN_EMPTY_BODY = YES;
				CLANG_WARN_ENUM_CONVERSION = YES;
				CLANG_WARN_INT_CONVERSION = YES;
				CLANG_WARN_OBJC_ROOT_CLASS = YES_ERROR;
				CLANG_WARN_UNREACHABLE_CODE = YES;
				CLANG_WARN__DUPLICATE_METHOD_MATCH = YES;
				CODE_SIGN_IDENTITY = "iPhone Developer: Cheng Zhou (V43246M398)";
				"CODE_SIGN_IDENTITY[sdk=iphoneos*]" = "iPhone Developer: Cheng Zhou (V43246M398)";
				COPY_PHASE_STRIP = NO;
				ENABLE_STRICT_OBJC_MSGSEND = YES;
				GCC_C_LANGUAGE_STANDARD = gnu99;
				GCC_DYNAMIC_NO_PIC = NO;
				GCC_OPTIMIZATION_LEVEL = 0;
				GCC_PRECOMPILE_PREFIX_HEADER = YES;
				GCC_PREPROCESSOR_DEFINITIONS = (
					"DEBUG=1",
					"$(inherited)",
				);
				GCC_SYMBOLS_PRIVATE_EXTERN = NO;
				GCC_WARN_64_TO_32_BIT_CONVERSION = YES;
				GCC_WARN_ABOUT_RETURN_TYPE = YES_ERROR;
				GCC_WARN_UNDECLARED_SELECTOR = YES;
				GCC_WARN_UNINITIALIZED_AUTOS = YES_AGGRESSIVE;
				GCC_WARN_UNUSED_FUNCTION = YES;
				GCC_WARN_UNUSED_VARIABLE = YES;
				IPHONEOS_DEPLOYMENT_TARGET = 5.1.1;
				MTL_ENABLE_DEBUG_INFO = YES;
				ONLY_ACTIVE_ARCH = YES;
				PROVISIONING_PROFILE = "a8e06075-1073-489e-8e8b-e5bf148654b8";
				SDKROOT = iphoneos;
				TARGETED_DEVICE_FAMILY = "1,2";
			};
			name = Debug;
		};
		0A68AA661ABBFAE3006CA2EF /* Release */ = {
			isa = XCBuildConfiguration;
			buildSettings = {
				ALWAYS_SEARCH_USER_PATHS = NO;
				ARCHS = "$(ARCHS_STANDARD)";
				CLANG_CXX_LANGUAGE_STANDARD = "gnu++0x";
				CLANG_CXX_LIBRARY = "libc++";
				CLANG_ENABLE_MODULES = YES;
				CLANG_ENABLE_OBJC_ARC = YES;
				CLANG_WARN_BOOL_CONVERSION = YES;
				CLANG_WARN_CONSTANT_CONVERSION = YES;
				CLANG_WARN_DIRECT_OBJC_ISA_USAGE = YES_ERROR;
				CLANG_WARN_EMPTY_BODY = YES;
				CLANG_WARN_ENUM_CONVERSION = YES;
				CLANG_WARN_INT_CONVERSION = YES;
				CLANG_WARN_OBJC_ROOT_CLASS = YES_ERROR;
				CLANG_WARN_UNREACHABLE_CODE = YES;
				CLANG_WARN__DUPLICATE_METHOD_MATCH = YES;
				CODE_SIGN_IDENTITY = "iPhone Developer: Cheng Zhou (V43246M398)";
				"CODE_SIGN_IDENTITY[sdk=iphoneos*]" = "iPhone Developer: Cheng Zhou (V43246M398)";
				COPY_PHASE_STRIP = NO;
				ENABLE_NS_ASSERTIONS = NO;
				ENABLE_STRICT_OBJC_MSGSEND = YES;
				GCC_C_LANGUAGE_STANDARD = gnu99;
				GCC_PRECOMPILE_PREFIX_HEADER = YES;
				GCC_WARN_64_TO_32_BIT_CONVERSION = YES;
				GCC_WARN_ABOUT_RETURN_TYPE = YES_ERROR;
				GCC_WARN_UNDECLARED_SELECTOR = YES;
				GCC_WARN_UNINITIALIZED_AUTOS = YES_AGGRESSIVE;
				GCC_WARN_UNUSED_FUNCTION = YES;
				GCC_WARN_UNUSED_VARIABLE = YES;
				IPHONEOS_DEPLOYMENT_TARGET = 5.1.1;
				MTL_ENABLE_DEBUG_INFO = NO;
				ONLY_ACTIVE_ARCH = YES;
				PROVISIONING_PROFILE = "a8e06075-1073-489e-8e8b-e5bf148654b8";
				SDKROOT = iphoneos;
				TARGETED_DEVICE_FAMILY = "1,2";
				VALIDATE_PRODUCT = YES;
			};
			name = Release;
		};
		0A68AA681ABBFAE3006CA2EF /* Debug */ = {
			isa = XCBuildConfiguration;
			buildSettings = {
				ARCHS = "$(ARCHS_STANDARD)";
				ASSETCATALOG_COMPILER_APPICON_NAME = AppIcon;
				ASSETCATALOG_COMPILER_LAUNCHIMAGE_NAME = LaunchImage;
				CODE_SIGN_IDENTITY = "iPhone Developer: zhibo cui (3LK9B55BG9)";
				"CODE_SIGN_IDENTITY[sdk=iphoneos*]" = "iPhone Developer: zhibo cui (3LK9B55BG9)";
				ENABLE_BITCODE = NO;
				FRAMEWORK_SEARCH_PATHS = (
					"$(inherited)",
					"$(PROJECT_DIR)",
				);
				GCC_PREFIX_HEADER = KSYVideoDemo/KSYHead.h;
				INFOPLIST_FILE = KSYVideoDemo/Info.plist;
				IPHONEOS_DEPLOYMENT_TARGET = 6.0;
				LD_RUNPATH_SEARCH_PATHS = "$(inherited) @executable_path/Frameworks";
				LIBRARY_SEARCH_PATHS = (
					"$(inherited)",
					"$(PROJECT_DIR)",
					"$(PROJECT_DIR)/KSYVideoDemo",
				);
				ONLY_ACTIVE_ARCH = YES;
				OTHER_LDFLAGS = "";
				PRODUCT_BUNDLE_IDENTIFIER = com.ksy.AMZPlayer;
				PRODUCT_NAME = "$(TARGET_NAME)";
				PROVISIONING_PROFILE = "";
				TARGETED_DEVICE_FAMILY = "1,2";
				VALID_ARCHS = "armv7 arm64 armv7s";
			};
			name = Debug;
		};
		0A68AA691ABBFAE3006CA2EF /* Release */ = {
			isa = XCBuildConfiguration;
			buildSettings = {
				ARCHS = "$(ARCHS_STANDARD)";
				ASSETCATALOG_COMPILER_APPICON_NAME = AppIcon;
				ASSETCATALOG_COMPILER_LAUNCHIMAGE_NAME = LaunchImage;
				CODE_SIGN_IDENTITY = "iPhone Developer: zhibo cui (3LK9B55BG9)";
				"CODE_SIGN_IDENTITY[sdk=iphoneos*]" = "iPhone Developer: zhibo cui (3LK9B55BG9)";
				ENABLE_BITCODE = NO;
				FRAMEWORK_SEARCH_PATHS = (
					"$(inherited)",
					"$(PROJECT_DIR)",
				);
				GCC_PREFIX_HEADER = KSYVideoDemo/KSYHead.h;
				INFOPLIST_FILE = KSYVideoDemo/Info.plist;
				IPHONEOS_DEPLOYMENT_TARGET = 6.0;
				LD_RUNPATH_SEARCH_PATHS = "$(inherited) @executable_path/Frameworks";
				LIBRARY_SEARCH_PATHS = (
					"$(inherited)",
					"$(PROJECT_DIR)",
					"$(PROJECT_DIR)/KSYVideoDemo",
				);
				ONLY_ACTIVE_ARCH = YES;
				OTHER_LDFLAGS = "";
				PRODUCT_BUNDLE_IDENTIFIER = com.ksy.AMZPlayer;
				PRODUCT_NAME = "$(TARGET_NAME)";
				PROVISIONING_PROFILE = "";
				TARGETED_DEVICE_FAMILY = "1,2";
				VALID_ARCHS = "armv7 arm64 armv7s";
			};
			name = Release;
		};
		0A68AA6B1ABBFAE3006CA2EF /* Debug */ = {
			isa = XCBuildConfiguration;
			buildSettings = {
				BUNDLE_LOADER = "$(TEST_HOST)";
				CODE_SIGN_IDENTITY = "iPhone Developer: zhibo cui (3LK9B55BG9)";
				"CODE_SIGN_IDENTITY[sdk=iphoneos*]" = "iPhone Developer: zhibo cui (3LK9B55BG9)";
				FRAMEWORK_SEARCH_PATHS = (
					"$(SDKROOT)/Developer/Library/Frameworks",
					"$(inherited)",
				);
				GCC_PREPROCESSOR_DEFINITIONS = (
					"DEBUG=1",
					"$(inherited)",
				);
				INFOPLIST_FILE = KSYVideoDemoTests/Info.plist;
				LD_RUNPATH_SEARCH_PATHS = "$(inherited) @executable_path/Frameworks @loader_path/Frameworks";
				PRODUCT_NAME = "$(TARGET_NAME)";
				PROVISIONING_PROFILE = "";
				TEST_HOST = "$(BUILT_PRODUCTS_DIR)/KSYVideoDemo.app/KSYVideoDemo";
			};
			name = Debug;
		};
		0A68AA6C1ABBFAE3006CA2EF /* Release */ = {
			isa = XCBuildConfiguration;
			buildSettings = {
				BUNDLE_LOADER = "$(TEST_HOST)";
				CODE_SIGN_IDENTITY = "iPhone Developer: zhibo cui (3LK9B55BG9)";
				"CODE_SIGN_IDENTITY[sdk=iphoneos*]" = "iPhone Developer: zhibo cui (3LK9B55BG9)";
				FRAMEWORK_SEARCH_PATHS = (
					"$(SDKROOT)/Developer/Library/Frameworks",
					"$(inherited)",
				);
				INFOPLIST_FILE = KSYVideoDemoTests/Info.plist;
				LD_RUNPATH_SEARCH_PATHS = "$(inherited) @executable_path/Frameworks @loader_path/Frameworks";
				PRODUCT_NAME = "$(TARGET_NAME)";
				PROVISIONING_PROFILE = "";
				TEST_HOST = "$(BUILT_PRODUCTS_DIR)/KSYVideoDemo.app/KSYVideoDemo";
			};
			name = Release;
		};
/* End XCBuildConfiguration section */

/* Begin XCConfigurationList section */
		0A68AA3F1ABBFAE2006CA2EF /* Build configuration list for PBXProject "KSYVideoDemo" */ = {
			isa = XCConfigurationList;
			buildConfigurations = (
				0A68AA651ABBFAE3006CA2EF /* Debug */,
				0A68AA661ABBFAE3006CA2EF /* Release */,
			);
			defaultConfigurationIsVisible = 0;
			defaultConfigurationName = Release;
		};
		0A68AA671ABBFAE3006CA2EF /* Build configuration list for PBXNativeTarget "KSYVideoDemo" */ = {
			isa = XCConfigurationList;
			buildConfigurations = (
				0A68AA681ABBFAE3006CA2EF /* Debug */,
				0A68AA691ABBFAE3006CA2EF /* Release */,
			);
			defaultConfigurationIsVisible = 0;
			defaultConfigurationName = Release;
		};
		0A68AA6A1ABBFAE3006CA2EF /* Build configuration list for PBXNativeTarget "KSYVideoDemoTests" */ = {
			isa = XCConfigurationList;
			buildConfigurations = (
				0A68AA6B1ABBFAE3006CA2EF /* Debug */,
				0A68AA6C1ABBFAE3006CA2EF /* Release */,
			);
			defaultConfigurationIsVisible = 0;
			defaultConfigurationName = Release;
		};
/* End XCConfigurationList section */
	};
	rootObject = 0A68AA3C1ABBFAE2006CA2EF /* Project object */;
}
